
Microsoft Visual Studio Solution File, Format Version 10.00
# Visual Studio 2008
Project("{8BC9CEB8-8B4A-11D0-8D11-00A0C91BC942}") = "zengl", "zengl\zengl.vcproj", "{451B0CCF-2888-467E-923D-658708CEF0EE}"
EndProject
Project("{8BC9CEB8-8B4A-11D0-8D11-00A0C91BC942}") = "zenglrun", "zenglrun\zenglrun.vcproj", "{95ACDDF3-CE99-49EE-8E93-925487CBA80D}"
	ProjectSection(ProjectDependencies) = postProject
		{451B0CCF-2888-467E-923D-658708CEF0EE} = {451B0CCF-2888-467E-923D-658708CEF0EE}
	EndProjectSection
EndProject
Global
	GlobalSection(SolutionConfigurationPlatforms) = preSolution
		Debug|Win32 = Debug|Win32
		Release|Win32 = Release|Win32
	EndGlobalSection
	GlobalSection(ProjectConfigurationPlatforms) = postSolution
		{451B0CCF-2888-467E-923D-658708CEF0EE}.Debug|Win32.ActiveCfg = Debug|Win32
		{451B0CCF-2888-467E-923D-658708CEF0EE}.Debug|Win32.Build.0 = Debug|Win32
		{451B0CCF-2888-467E-923D-658708CEF0EE}.Release|Win32.ActiveCfg = Release|Win32
		{451B0CCF-2888-467E-923D-658708CEF0EE}.Release|Win32.Build.0 = Release|Win32
		{95ACDDF3-CE99-49EE-8E93-925487CBA80D}.Debug|Win32.ActiveCfg = Debug|Win32
		{95ACDDF3-CE99-49EE-8E93-925487CBA80D}.Debug|Win32.Build.0 = Debug|Win32
		{95ACDDF3-CE99-49EE-8E93-925487CBA80D}.Release|Win32.ActiveCfg = Release|Win32
		{95ACDDF3-CE99-49EE-8E93-925487CBA80D}.Release|Win32.Build.0 = Release|Win32
	EndGlobalSection
	GlobalSection(SolutionProperties) = preSolution
		HideSolutionNode = FALSE
	EndGlobalSection
EndGlobal
