
Microsoft Visual Studio Solution File, Format Version 10.00
# Visual Studio 2008
Project("{8BC9CEB8-8B4A-11D0-8D11-00A0C91BC942}") = "zenglrun", "zenglrun\zenglrun.vcproj", "{7360F948-038F-4B52-99D0-FD417394A592}"
	ProjectSection(ProjectDependencies) = postProject
		{8C02DDD5-E2BD-45E8-9D6E-B802BF8AEE75} = {8C02DDD5-E2BD-45E8-9D6E-B802BF8AEE75}
	EndProjectSection
EndProject
Project("{8BC9CEB8-8B4A-11D0-8D11-00A0C91BC942}") = "zengl", "zengl\zengl.vcproj", "{8C02DDD5-E2BD-45E8-9D6E-B802BF8AEE75}"
EndProject
Global
	GlobalSection(SolutionConfigurationPlatforms) = preSolution
		Debug|Win32 = Debug|Win32
		Release|Win32 = Release|Win32
	EndGlobalSection
	GlobalSection(ProjectConfigurationPlatforms) = postSolution
		{7360F948-038F-4B52-99D0-FD417394A592}.Debug|Win32.ActiveCfg = Debug|Win32
		{7360F948-038F-4B52-99D0-FD417394A592}.Debug|Win32.Build.0 = Debug|Win32
		{7360F948-038F-4B52-99D0-FD417394A592}.Release|Win32.ActiveCfg = Release|Win32
		{7360F948-038F-4B52-99D0-FD417394A592}.Release|Win32.Build.0 = Release|Win32
		{8C02DDD5-E2BD-45E8-9D6E-B802BF8AEE75}.Debug|Win32.ActiveCfg = Debug|Win32
		{8C02DDD5-E2BD-45E8-9D6E-B802BF8AEE75}.Debug|Win32.Build.0 = Debug|Win32
		{8C02DDD5-E2BD-45E8-9D6E-B802BF8AEE75}.Release|Win32.ActiveCfg = Release|Win32
		{8C02DDD5-E2BD-45E8-9D6E-B802BF8AEE75}.Release|Win32.Build.0 = Release|Win32
	EndGlobalSection
	GlobalSection(SolutionProperties) = preSolution
		HideSolutionNode = FALSE
	EndGlobalSection
EndGlobal
