
Microsoft Visual Studio Solution File, Format Version 10.00
# Visual Studio 2008
Project("{8BC9CEB8-8B4A-11D0-8D11-00A0C91BC942}") = "zengl", "zengl\zengl.vcproj", "{46CB669D-1C2B-4699-8A2D-DB50A325B323}"
EndProject
Project("{8BC9CEB8-8B4A-11D0-8D11-00A0C91BC942}") = "zenglrun", "zenglrun\zenglrun.vcproj", "{6E13B5D7-BCD2-419A-B947-B31705CD648B}"
	ProjectSection(ProjectDependencies) = postProject
		{46CB669D-1C2B-4699-8A2D-DB50A325B323} = {46CB669D-1C2B-4699-8A2D-DB50A325B323}
	EndProjectSection
EndProject
Global
	GlobalSection(SolutionConfigurationPlatforms) = preSolution
		Debug|Win32 = Debug|Win32
		Release|Win32 = Release|Win32
	EndGlobalSection
	GlobalSection(ProjectConfigurationPlatforms) = postSolution
		{46CB669D-1C2B-4699-8A2D-DB50A325B323}.Debug|Win32.ActiveCfg = Debug|Win32
		{46CB669D-1C2B-4699-8A2D-DB50A325B323}.Debug|Win32.Build.0 = Debug|Win32
		{46CB669D-1C2B-4699-8A2D-DB50A325B323}.Release|Win32.ActiveCfg = Release|Win32
		{46CB669D-1C2B-4699-8A2D-DB50A325B323}.Release|Win32.Build.0 = Release|Win32
		{6E13B5D7-BCD2-419A-B947-B31705CD648B}.Debug|Win32.ActiveCfg = Debug|Win32
		{6E13B5D7-BCD2-419A-B947-B31705CD648B}.Debug|Win32.Build.0 = Debug|Win32
		{6E13B5D7-BCD2-419A-B947-B31705CD648B}.Release|Win32.ActiveCfg = Release|Win32
		{6E13B5D7-BCD2-419A-B947-B31705CD648B}.Release|Win32.Build.0 = Release|Win32
	EndGlobalSection
	GlobalSection(SolutionProperties) = preSolution
		HideSolutionNode = FALSE
	EndGlobalSection
EndGlobal
